
Microsoft Visual Studio Solution File, Format Version 12.00
# Visual Studio 15
VisualStudioVersion = 15.0.28307.168
MinimumVisualStudioVersion = 10.0.40219.1
Project("{8BC9CEB8-8B4A-11D0-8D11-00A0C91BC942}") = "Word Chooser", "Word Chooser\Word Chooser.vcxproj", "{C64B1849-1A9D-4F5A-A7C3-718CF31F1CE6}"
EndProject
Global
	GlobalSection(SolutionConfigurationPlatforms) = preSolution
		Debug|x64 = Debug|x64
		Debug|x86 = Debug|x86
		Release|x64 = Release|x64
		Release|x86 = Release|x86
	EndGlobalSection
	GlobalSection(ProjectConfigurationPlatforms) = postSolution
		{C64B1849-1A9D-4F5A-A7C3-718CF31F1CE6}.Debug|x64.ActiveCfg = Debug|x64
		{C64B1849-1A9D-4F5A-A7C3-718CF31F1CE6}.Debug|x64.Build.0 = Debug|x64
		{C64B1849-1A9D-4F5A-A7C3-718CF31F1CE6}.Debug|x86.ActiveCfg = Debug|Win32
		{C64B1849-1A9D-4F5A-A7C3-718CF31F1CE6}.Debug|x86.Build.0 = Debug|Win32
		{C64B1849-1A9D-4F5A-A7C3-718CF31F1CE6}.Release|x64.ActiveCfg = Release|x64
		{C64B1849-1A9D-4F5A-A7C3-718CF31F1CE6}.Release|x64.Build.0 = Release|x64
		{C64B1849-1A9D-4F5A-A7C3-718CF31F1CE6}.Release|x86.ActiveCfg = Release|Win32
		{C64B1849-1A9D-4F5A-A7C3-718CF31F1CE6}.Release|x86.Build.0 = Release|Win32
	EndGlobalSection
	GlobalSection(SolutionProperties) = preSolution
		HideSolutionNode = FALSE
	EndGlobalSection
	GlobalSection(ExtensibilityGlobals) = postSolution
		SolutionGuid = {F3C7AF9D-F916-4459-AEB3-F9439264C828}
	EndGlobalSection
EndGlobal
